
Microsoft Visual Studio Solution File, Format Version 12.00
# Visual Studio Version 17
VisualStudioVersion = 17.0.31903.59
MinimumVisualStudioVersion = 10.0.40219.1
Project("{FAE04EC0-301F-11D3-BF4B-00C04F79EFBC}") = "ReplacementApp.App", "ReplacementApp.App\ReplacementApp.App.csproj", "{270EB752-81B9-4800-A8E9-AC0A7779F39C}"
EndProject
Project("{FAE04EC0-301F-11D3-BF4B-00C04F79EFBC}") = "ReplacementApp.Core", "ReplacementApp.Core\ReplacementApp.Core.csproj", "{EB09A379-8815-4006-A4C3-536533064D47}"
EndProject
Project("{FAE04EC0-301F-11D3-BF4B-00C04F79EFBC}") = "ReplacementApp.Tests", "ReplacementApp.Tests\ReplacementApp.Tests.csproj", "{CDBCEC28-235A-4EAD-9D41-D6E115E85D65}"
EndProject
Global
	GlobalSection(SolutionConfigurationPlatforms) = preSolution
		Debug|Any CPU = Debug|Any CPU
		Debug|x64 = Debug|x64
		Debug|x86 = Debug|x86
		Release|Any CPU = Release|Any CPU
		Release|x64 = Release|x64
		Release|x86 = Release|x86
	EndGlobalSection
	GlobalSection(ProjectConfigurationPlatforms) = postSolution
		{270EB752-81B9-4800-A8E9-AC0A7779F39C}.Debug|Any CPU.ActiveCfg = Debug|Any CPU
		{270EB752-81B9-4800-A8E9-AC0A7779F39C}.Debug|Any CPU.Build.0 = Debug|Any CPU
		{270EB752-81B9-4800-A8E9-AC0A7779F39C}.Debug|x64.ActiveCfg = Debug|Any CPU
		{270EB752-81B9-4800-A8E9-AC0A7779F39C}.Debug|x64.Build.0 = Debug|Any CPU
		{270EB752-81B9-4800-A8E9-AC0A7779F39C}.Debug|x86.ActiveCfg = Debug|Any CPU
		{270EB752-81B9-4800-A8E9-AC0A7779F39C}.Debug|x86.Build.0 = Debug|Any CPU
		{270EB752-81B9-4800-A8E9-AC0A7779F39C}.Release|Any CPU.ActiveCfg = Release|Any CPU
		{270EB752-81B9-4800-A8E9-AC0A7779F39C}.Release|Any CPU.Build.0 = Release|Any CPU
		{270EB752-81B9-4800-A8E9-AC0A7779F39C}.Release|x64.ActiveCfg = Release|Any CPU
		{270EB752-81B9-4800-A8E9-AC0A7779F39C}.Release|x64.Build.0 = Release|Any CPU
		{270EB752-81B9-4800-A8E9-AC0A7779F39C}.Release|x86.ActiveCfg = Release|Any CPU
		{270EB752-81B9-4800-A8E9-AC0A7779F39C}.Release|x86.Build.0 = Release|Any CPU
		{EB09A379-8815-4006-A4C3-536533064D47}.Debug|Any CPU.ActiveCfg = Debug|Any CPU
		{EB09A379-8815-4006-A4C3-536533064D47}.Debug|Any CPU.Build.0 = Debug|Any CPU
		{EB09A379-8815-4006-A4C3-536533064D47}.Debug|x64.ActiveCfg = Debug|Any CPU
		{EB09A379-8815-4006-A4C3-536533064D47}.Debug|x64.Build.0 = Debug|Any CPU
		{EB09A379-8815-4006-A4C3-536533064D47}.Debug|x86.ActiveCfg = Debug|Any CPU
		{EB09A379-8815-4006-A4C3-536533064D47}.Debug|x86.Build.0 = Debug|Any CPU
		{EB09A379-8815-4006-A4C3-536533064D47}.Release|Any CPU.ActiveCfg = Release|Any CPU
		{EB09A379-8815-4006-A4C3-536533064D47}.Release|Any CPU.Build.0 = Release|Any CPU
		{EB09A379-8815-4006-A4C3-536533064D47}.Release|x64.ActiveCfg = Release|Any CPU
		{EB09A379-8815-4006-A4C3-536533064D47}.Release|x64.Build.0 = Release|Any CPU
		{EB09A379-8815-4006-A4C3-536533064D47}.Release|x86.ActiveCfg = Release|Any CPU
		{EB09A379-8815-4006-A4C3-536533064D47}.Release|x86.Build.0 = Release|Any CPU
		{CDBCEC28-235A-4EAD-9D41-D6E115E85D65}.Debug|Any CPU.ActiveCfg = Debug|Any CPU
		{CDBCEC28-235A-4EAD-9D41-D6E115E85D65}.Debug|Any CPU.Build.0 = Debug|Any CPU
		{CDBCEC28-235A-4EAD-9D41-D6E115E85D65}.Debug|x64.ActiveCfg = Debug|Any CPU
		{CDBCEC28-235A-4EAD-9D41-D6E115E85D65}.Debug|x64.Build.0 = Debug|Any CPU
		{CDBCEC28-235A-4EAD-9D41-D6E115E85D65}.Debug|x86.ActiveCfg = Debug|Any CPU
		{CDBCEC28-235A-4EAD-9D41-D6E115E85D65}.Debug|x86.Build.0 = Debug|Any CPU
		{CDBCEC28-235A-4EAD-9D41-D6E115E85D65}.Release|Any CPU.ActiveCfg = Release|Any CPU
		{CDBCEC28-235A-4EAD-9D41-D6E115E85D65}.Release|Any CPU.Build.0 = Release|Any CPU
		{CDBCEC28-235A-4EAD-9D41-D6E115E85D65}.Release|x64.ActiveCfg = Release|Any CPU
		{CDBCEC28-235A-4EAD-9D41-D6E115E85D65}.Release|x64.Build.0 = Release|Any CPU
		{CDBCEC28-235A-4EAD-9D41-D6E115E85D65}.Release|x86.ActiveCfg = Release|Any CPU
		{CDBCEC28-235A-4EAD-9D41-D6E115E85D65}.Release|x86.Build.0 = Release|Any CPU
	EndGlobalSection
	GlobalSection(SolutionProperties) = preSolution
		HideSolutionNode = FALSE
	EndGlobalSection
EndGlobal
